
Microsoft Visual Studio Solution File, Format Version 12.00
# Visual Studio 15
VisualStudioVersion = 15.0.26823.1
MinimumVisualStudioVersion = 10.0.40219.1
Project("{FAE04EC0-301F-11D3-BF4B-00C04F79EFBC}") = "AwfulForumsLibrary", "AwfulForumsLibrary\AwfulForumsLibrary.csproj", "{A34B1EF2-BF51-4F10-B82E-91CF6C8A894F}"
EndProject
Global
	GlobalSection(SolutionConfigurationPlatforms) = preSolution
		Debug|Any CPU = Debug|Any CPU
		Release|Any CPU = Release|Any CPU
	EndGlobalSection
	GlobalSection(ProjectConfigurationPlatforms) = postSolution
		{A34B1EF2-BF51-4F10-B82E-91CF6C8A894F}.Debug|Any CPU.ActiveCfg = Debug|Any CPU
		{A34B1EF2-BF51-4F10-B82E-91CF6C8A894F}.Debug|Any CPU.Build.0 = Debug|Any CPU
		{A34B1EF2-BF51-4F10-B82E-91CF6C8A894F}.Release|Any CPU.ActiveCfg = Release|Any CPU
		{A34B1EF2-BF51-4F10-B82E-91CF6C8A894F}.Release|Any CPU.Build.0 = Release|Any CPU
	EndGlobalSection
	GlobalSection(SolutionProperties) = preSolution
		HideSolutionNode = FALSE
	EndGlobalSection
	GlobalSection(ExtensibilityGlobals) = postSolution
		SolutionGuid = {0F173852-9032-4502-8537-1E7C88907D09}
	EndGlobalSection
EndGlobal
